{
  "name": "02_starter_kit",
  "version": "1.0.0",
  "lockfileVersion": 1,
  "requires": true,
  "dependencies": {
    "curriable": {
      "version": "1.2.2",
      "resolved": "https://registry.npmjs.org/curriable/-/curriable-1.2.2.tgz",
      "integrity": "sha512-gCvU0Hl8EYScI0mPksUiI+kLEV5M9Cva357EWMQGwXI3vc9mBWv7VnqN90YfMhd8tyDuTxakzuZv7lAdPBozow=="
    },
    "fast-equals": {
      "version": "1.6.1",
      "resolved": "https://registry.npmjs.org/fast-equals/-/fast-equals-1.6.1.tgz",
      "integrity": "sha512-xlmDRa03F8QpqTpfeH1l/exTKMg5zhyDh34bfc3pBR/JLQkaIzayXC7hvsXsyv/Och1At//+ubJp+Jy1nfmMvA=="
    },
    "identitate": {
      "version": "1.0.0",
      "resolved": "https://registry.npmjs.org/identitate/-/identitate-1.0.0.tgz",
      "integrity": "sha512-ZPOPADqYtQKzj4BEDXA74jSogtltI6W1qQBO8qk4mFr5+hg3vijnICic9fi5lDy0L1cDM1O1hjMkx6MINbsOGQ==",
      "requires": {
        "pathington": "^1.0.1"
      }
    },
    "immer": {
      "version": "1.9.3",
      "resolved": "https://registry.npmjs.org/immer/-/immer-1.9.3.tgz",
      "integrity": "sha512-bUyz3fOHGn82V7h4oVgJGmFglZt53JWwSyVNAT4sO0d7IovHLwLuHbh14uYKY0tewFoDcEdiQW7HuL0NsRVziw=="
    },
    "js-tokens": {
      "version": "4.0.0",
      "resolved": "https://registry.npmjs.org/js-tokens/-/js-tokens-4.0.0.tgz",
      "integrity": "sha512-RdJUflcE3cUzKiMqQgsCu06FPu9UdIJO0beYbPhHN4k6apgJtifcoCtT9bcxOpYBtpD2kCM6Sbzg4CausW/PKQ=="
    },
    "loose-envify": {
      "version": "1.4.0",
      "resolved": "https://registry.npmjs.org/loose-envify/-/loose-envify-1.4.0.tgz",
      "integrity": "sha512-lyuxPGr/Wfhrlem2CL/UcnUc1zcqKAImBDzukY7Y5F/yQiNdko6+fRLevlw1HgMySw7f611UIY408EtxRSoK3Q==",
      "requires": {
        "js-tokens": "^3.0.0 || ^4.0.0"
      }
    },
    "pathington": {
      "version": "1.1.5",
      "resolved": "https://registry.npmjs.org/pathington/-/pathington-1.1.5.tgz",
      "integrity": "sha512-lDBQm2mJjMgL+tL/y2xpa/2fm1PVA6jtzGGZcTVXWQt0X3UwJbyoalQsl+PoNpdduuGiAp7zmVNuRaoYyhAYew=="
    },
    "redux": {
      "version": "4.0.1",
      "resolved": "https://registry.npmjs.org/redux/-/redux-4.0.1.tgz",
      "integrity": "sha512-R7bAtSkk7nY6O/OYMVR9RiBI+XghjF9rlbl5806HJbQph0LJVHZrU5oaO4q70eUKiqMRqm4y07KLTlMZ2BlVmg==",
      "requires": {
        "loose-envify": "^1.4.0",
        "symbol-observable": "^1.2.0"
      }
    },
    "redux-devtools-extension": {
      "version": "2.13.7",
      "resolved": "https://registry.npmjs.org/redux-devtools-extension/-/redux-devtools-extension-2.13.7.tgz",
      "integrity": "sha512-F2GlWMWxCTJGRjJ+GSZcGDcVAj6Pbf77FKb4C9S8eni5Eah6UBGNwxNj8K1MTtmItdZH1Wx+EvIifHN2KKcQrw=="
    },
    "redux-starter-kit": {
      "version": "0.2.0",
      "resolved": "https://registry.npmjs.org/redux-starter-kit/-/redux-starter-kit-0.2.0.tgz",
      "integrity": "sha512-s4Td4/UU0HCfqPQg5mf6QheHfMvRH8bagavEm/17o+PnjK6rDrgrWCmF+pKI5wQcRaLHxR9nY7j57ISsVsQvUw==",
      "requires": {
        "immer": "^1.1.3",
        "redux": "^4.0.0",
        "redux-devtools-extension": "^2.13.3",
        "redux-thunk": "^2.2.0",
        "selectorator": "^3.3.0"
      }
    },
    "redux-thunk": {
      "version": "2.3.0",
      "resolved": "https://registry.npmjs.org/redux-thunk/-/redux-thunk-2.3.0.tgz",
      "integrity": "sha512-km6dclyFnmcvxhAcrQV2AkZmPQjzPDjgVlQtR0EQjxZPyJ0BnMf3in1ryuR8A2qU0HldVRfxYXbFSKlI3N7Slw=="
    },
    "reselect": {
      "version": "3.0.1",
      "resolved": "https://registry.npmjs.org/reselect/-/reselect-3.0.1.tgz",
      "integrity": "sha1-79qpjqdFEyTQkrKyFjpqHXqaIUc="
    },
    "selectorator": {
      "version": "3.3.0",
      "resolved": "http://registry.npmjs.org/selectorator/-/selectorator-3.3.0.tgz",
      "integrity": "sha512-GZX1biSrT1CpAeDaBjnRxbnjDys9JULX90jdxucESHkrOrKoVCYlw+ch5DDWlOuyI6Z/TxtsJXU5kaqchO7v+g==",
      "requires": {
        "fast-equals": "^1.2.1",
        "identitate": "^1.0.0",
        "reselect": "^3.0.1",
        "unchanged": "^1.0.7"
      }
    },
    "symbol-observable": {
      "version": "1.2.0",
      "resolved": "https://registry.npmjs.org/symbol-observable/-/symbol-observable-1.2.0.tgz",
      "integrity": "sha512-e900nM8RRtGhlV36KGEU9k65K3mPb1WV70OdjfxlG2EAuM1noi/E/BaW/uMhL7bPEssK8QV57vN3esixjUvcXQ=="
    },
    "unchanged": {
      "version": "1.5.0",
      "resolved": "https://registry.npmjs.org/unchanged/-/unchanged-1.5.0.tgz",
      "integrity": "sha512-poOMpbXhxB55Wn3G3kLoPYwefNT1vTXtu3hD4QgZmZlH3Ior3JYAMXTiWZCN5IRzlDCo9hCNOzROLqB1N4MnRg==",
      "requires": {
        "curriable": "^1.0.0",
        "pathington": "^1.1.5"
      }
    }
  }
}
